
Microsoft Visual Studio Solution File, Format Version 12.00
# Visual Studio Version 17
VisualStudioVersion = 17.1.32210.238
MinimumVisualStudioVersion = 10.0.40219.1
Project("{8BC9CEB8-8B4A-11D0-8D11-00A0C91BC942}") = "UVa 929 - Number Maze", "UVa 929 - Number Maze.vcxproj", "{E683EE63-46D9-4715-8EF5-CE33669A605F}"
EndProject
Global
	GlobalSection(SolutionConfigurationPlatforms) = preSolution
		Debug|x64 = Debug|x64
		Debug|x86 = Debug|x86
		Release|x64 = Release|x64
		Release|x86 = Release|x86
	EndGlobalSection
	GlobalSection(ProjectConfigurationPlatforms) = postSolution
		{E683EE63-46D9-4715-8EF5-CE33669A605F}.Debug|x64.ActiveCfg = Debug|x64
		{E683EE63-46D9-4715-8EF5-CE33669A605F}.Debug|x64.Build.0 = Debug|x64
		{E683EE63-46D9-4715-8EF5-CE33669A605F}.Debug|x86.ActiveCfg = Debug|Win32
		{E683EE63-46D9-4715-8EF5-CE33669A605F}.Debug|x86.Build.0 = Debug|Win32
		{E683EE63-46D9-4715-8EF5-CE33669A605F}.Release|x64.ActiveCfg = Release|x64
		{E683EE63-46D9-4715-8EF5-CE33669A605F}.Release|x64.Build.0 = Release|x64
		{E683EE63-46D9-4715-8EF5-CE33669A605F}.Release|x86.ActiveCfg = Release|Win32
		{E683EE63-46D9-4715-8EF5-CE33669A605F}.Release|x86.Build.0 = Release|Win32
	EndGlobalSection
	GlobalSection(SolutionProperties) = preSolution
		HideSolutionNode = FALSE
	EndGlobalSection
	GlobalSection(ExtensibilityGlobals) = postSolution
		SolutionGuid = {F71EC874-2AAC-47C7-A078-08CC8C505620}
	EndGlobalSection
EndGlobal
