
Microsoft Visual Studio Solution File, Format Version 12.00
# Visual Studio Version 17
VisualStudioVersion = 17.1.32319.34
MinimumVisualStudioVersion = 10.0.40219.1
Project("{8BC9CEB8-8B4A-11D0-8D11-00A0C91BC942}") = "UVa 10746 - Crime Wave - The Sequel", "UVa 10746 - Crime Wave - The Sequel.vcxproj", "{F9504EF8-932C-47AB-ABEC-2A58FE0DE9DE}"
EndProject
Global
	GlobalSection(SolutionConfigurationPlatforms) = preSolution
		Debug|x64 = Debug|x64
		Debug|x86 = Debug|x86
		Release|x64 = Release|x64
		Release|x86 = Release|x86
	EndGlobalSection
	GlobalSection(ProjectConfigurationPlatforms) = postSolution
		{F9504EF8-932C-47AB-ABEC-2A58FE0DE9DE}.Debug|x64.ActiveCfg = Debug|x64
		{F9504EF8-932C-47AB-ABEC-2A58FE0DE9DE}.Debug|x64.Build.0 = Debug|x64
		{F9504EF8-932C-47AB-ABEC-2A58FE0DE9DE}.Debug|x86.ActiveCfg = Debug|Win32
		{F9504EF8-932C-47AB-ABEC-2A58FE0DE9DE}.Debug|x86.Build.0 = Debug|Win32
		{F9504EF8-932C-47AB-ABEC-2A58FE0DE9DE}.Release|x64.ActiveCfg = Release|x64
		{F9504EF8-932C-47AB-ABEC-2A58FE0DE9DE}.Release|x64.Build.0 = Release|x64
		{F9504EF8-932C-47AB-ABEC-2A58FE0DE9DE}.Release|x86.ActiveCfg = Release|Win32
		{F9504EF8-932C-47AB-ABEC-2A58FE0DE9DE}.Release|x86.Build.0 = Release|Win32
	EndGlobalSection
	GlobalSection(SolutionProperties) = preSolution
		HideSolutionNode = FALSE
	EndGlobalSection
	GlobalSection(ExtensibilityGlobals) = postSolution
		SolutionGuid = {A6DB09BD-D39F-4C49-88A7-924CDC005F8F}
	EndGlobalSection
EndGlobal
